
Microsoft Visual Studio Solution File, Format Version 12.00
# Visual Studio Version 17
VisualStudioVersion = 17.2.32505.173
MinimumVisualStudioVersion = 10.0.40219.1
Project("{9A19103F-16F7-4668-BE54-9A1E7A4F7556}") = "SP", "SP\SP.csproj", "{FCFCA284-5094-416F-B97F-4F6C7D7F4F03}"
EndProject
Global
	GlobalSection(SolutionConfigurationPlatforms) = preSolution
		Debug|Any CPU = Debug|Any CPU
		Release|Any CPU = Release|Any CPU
	EndGlobalSection
	GlobalSection(ProjectConfigurationPlatforms) = postSolution
		{FCFCA284-5094-416F-B97F-4F6C7D7F4F03}.Debug|Any CPU.ActiveCfg = Debug|Any CPU
		{FCFCA284-5094-416F-B97F-4F6C7D7F4F03}.Debug|Any CPU.Build.0 = Debug|Any CPU
		{FCFCA284-5094-416F-B97F-4F6C7D7F4F03}.Release|Any CPU.ActiveCfg = Release|Any CPU
		{FCFCA284-5094-416F-B97F-4F6C7D7F4F03}.Release|Any CPU.Build.0 = Release|Any CPU
	EndGlobalSection
	GlobalSection(SolutionProperties) = preSolution
		HideSolutionNode = FALSE
	EndGlobalSection
	GlobalSection(ExtensibilityGlobals) = postSolution
		SolutionGuid = {C422E524-9904-4CB3-80DA-ED796DD624B7}
	EndGlobalSection
EndGlobal
